{
  "name": "mcregionjs",
  "version": "0.3.0",
  "lockfileVersion": 3,
  "requires": true,
  "packages": {
    "": {
      "name": "mcregionjs",
      "version": "0.3.0",
      "license": "MIT",
      "dependencies": {
        "nbtify": "^1.75.0"
      },
      "devDependencies": {
        "@types/node": "^20.7.2",
        "typescript": "^5.2.2"
      }
    },
    "node_modules/@types/node": {
      "version": "20.7.2",
      "resolved": "https://registry.npmjs.org/@types/node/-/node-20.7.2.tgz",
      "integrity": "sha512-RcdC3hOBOauLP+r/kRt27NrByYtDjsXyAuSbR87O6xpsvi763WI+5fbSIvYJrXnt9w4RuxhV6eAXfIs7aaf/FQ==",
      "dev": true
    },
    "node_modules/nbtify": {
      "version": "1.75.0",
      "resolved": "https://registry.npmjs.org/nbtify/-/nbtify-1.75.0.tgz",
      "integrity": "sha512-7UuoUWhs+5FgazW5c/nyEe+cmRt6NyW0Gb9FM5NzEcfLWzwA+9PlhOGRojVEQBgGPRSmXTB9H2Ln0bHQjNvMgA==",
      "bin": {
        "nbtify": "dist/bin/index.js"
      }
    },
    "node_modules/typescript": {
      "version": "5.2.2",
      "resolved": "https://registry.npmjs.org/typescript/-/typescript-5.2.2.tgz",
      "integrity": "sha512-mI4WrpHsbCIcwT9cF4FZvr80QUeKvsUsUvKDoR+X/7XHQH98xYD8YHZg7ANtz2GtZt/CBq2QJ0thkGJMHfqc1w==",
      "dev": true,
      "bin": {
        "tsc": "bin/tsc",
        "tsserver": "bin/tsserver"
      },
      "engines": {
        "node": ">=14.17"
      }
    }
  }
}
