{
  "name": "mcregionjs",
  "version": "0.2.0",
  "lockfileVersion": 2,
  "requires": true,
  "packages": {
    "": {
      "name": "mcregionjs",
      "version": "0.2.0",
      "license": "MIT",
      "dependencies": {
        "gamedata-parser": "file:../Gamedata-Parser",
        "nbtify": "file:../NBTify"
      },
      "devDependencies": {
        "@types/node": "^18.7.23"
      }
    },
    "../Gamedata-Parser": {
      "name": "gamedata-parser",
      "version": "0.2.0",
      "license": "MIT",
      "devDependencies": {
        "typescript": "^4.8.4"
      }
    },
    "../NBTify": {
      "name": "nbtify",
      "version": "1.0.3",
      "license": "MIT",
      "devDependencies": {
        "typescript": "^4.8.4"
      }
    },
    "node_modules/@types/node": {
      "version": "18.7.23",
      "resolved": "https://registry.npmjs.org/@types/node/-/node-18.7.23.tgz",
      "integrity": "sha512-DWNcCHolDq0ZKGizjx2DZjR/PqsYwAcYUJmfMWqtVU2MBMG5Mo+xFZrhGId5r/O5HOuMPyQEcM6KUBp5lBZZBg==",
      "dev": true
    },
    "node_modules/gamedata-parser": {
      "resolved": "../Gamedata-Parser",
      "link": true
    },
    "node_modules/nbtify": {
      "resolved": "../NBTify",
      "link": true
    }
  },
  "dependencies": {
    "@types/node": {
      "version": "18.7.23",
      "resolved": "https://registry.npmjs.org/@types/node/-/node-18.7.23.tgz",
      "integrity": "sha512-DWNcCHolDq0ZKGizjx2DZjR/PqsYwAcYUJmfMWqtVU2MBMG5Mo+xFZrhGId5r/O5HOuMPyQEcM6KUBp5lBZZBg==",
      "dev": true
    },
    "gamedata-parser": {
      "version": "file:../Gamedata-Parser",
      "requires": {
        "typescript": "^4.8.4"
      }
    },
    "nbtify": {
      "version": "file:../NBTify",
      "requires": {
        "typescript": "^4.8.4"
      }
    }
  }
}